<?xml version="1.0" encoding="utf-8"?>
<Project ToolsVersion="4.0" xmlns="http://schemas.microsoft.com/developer/msbuild/2003">
  <ItemGroup>
    <Filter Include="utility">
      <UniqueIdentifier>{da74fcc5-1472-43b2-a51a-41d16fb35f8d}</UniqueIdentifier>
    </Filter>
    <Filter Include="node">
      <UniqueIdentifier>{2d3d78d0-ca44-41cb-9f86-0673363e3c86}</UniqueIdentifier>
    </Filter>
    <Filter Include="node\01.picture">
      <UniqueIdentifier>{041d6775-bff8-4bfa-96c8-3ff714649375}</UniqueIdentifier>
    </Filter>
    <Filter Include="node\02.scale9">
      <UniqueIdentifier>{d4ebd80c-63dc-4243-ac78-217064c1f7f8}</UniqueIdentifier>
    </Filter>
    <Filter Include="node\03.icon">
      <UniqueIdentifier>{c8d3bc36-962b-4e90-ab59-6a2e1f4a9424}</UniqueIdentifier>
    </Filter>
    <Filter Include="node\04.texture">
      <UniqueIdentifier>{da2fa618-bddb-4a4e-8cc0-0e4577ce993c}</UniqueIdentifier>
    </Filter>
    <Filter Include="node\05.label">
      <UniqueIdentifier>{c58c3998-e7d2-4b57-86b9-2512697423a0}</UniqueIdentifier>
    </Filter>
    <Filter Include="node\06.complex">
      <UniqueIdentifier>{afa8d6e2-c7e7-4097-a37c-9b0b9a4db0c2}</UniqueIdentifier>
    </Filter>
    <Filter Include="node\07.animation">
      <UniqueIdentifier>{a57c95d8-e6e9-4d1f-99f9-5cf0e0a1f036}</UniqueIdentifier>
    </Filter>
    <Filter Include="node\08.particle3d">
      <UniqueIdentifier>{31a18dc4-4b69-4a1b-a2e1-b46ebfdadc09}</UniqueIdentifier>
    </Filter>
    <Filter Include="node\09.particle2d">
      <UniqueIdentifier>{465b83a8-d4a7-4832-ab2a-9deb1b0b2e2f}</UniqueIdentifier>
    </Filter>
    <Filter Include="node\10.shape">
      <UniqueIdentifier>{afcad0e2-c76b-4b36-8601-c1dd6da497c1}</UniqueIdentifier>
    </Filter>
    <Filter Include="node\11.mesh">
      <UniqueIdentifier>{032ae364-9cf3-46d2-a202-5708fa25d89c}</UniqueIdentifier>
    </Filter>
    <Filter Include="node\11.mesh\shape">
      <UniqueIdentifier>{0e240122-9f1e-4331-b78f-f31c4b7ca944}</UniqueIdentifier>
    </Filter>
    <Filter Include="node\12.mask">
      <UniqueIdentifier>{86a27180-c3b2-4564-a337-6b2dbd4d4c5a}</UniqueIdentifier>
    </Filter>
    <Filter Include="node\13.trail">
      <UniqueIdentifier>{d177d9d9-9642-4a24-bbce-c08e978d2bab}</UniqueIdentifier>
    </Filter>
    <Filter Include="node\07.anim2">
      <UniqueIdentifier>{4d2a16cd-aaf5-4eb9-802e-ad40185dace6}</UniqueIdentifier>
    </Filter>
    <Filter Include="storage">
      <UniqueIdentifier>{78e26b57-20ec-4a34-a31f-ac7e19579987}</UniqueIdentifier>
    </Filter>
    <Filter Include="storage\pkg">
      <UniqueIdentifier>{fd17b05c-8793-48c6-89cc-f9eede086102}</UniqueIdentifier>
    </Filter>
    <Filter Include="preprocess">
      <UniqueIdentifier>{5b586577-c3fb-4bb7-813e-1a1ad0dd695d}</UniqueIdentifier>
    </Filter>
  </ItemGroup>
  <ItemGroup>
    <ClCompile Include="..\..\..\source\ImportStream.cpp">
      <Filter>utility</Filter>
    </ClCompile>
    <ClCompile Include="..\..\..\source\NodeArray.cpp">
      <Filter>node</Filter>
    </ClCompile>
    <ClCompile Include="..\..\..\source\NodeTrans.cpp">
      <Filter>node</Filter>
    </ClCompile>
    <ClCompile Include="..\..\..\source\NodePicture.cpp">
      <Filter>node\01.picture</Filter>
    </ClCompile>
    <ClCompile Include="..\..\..\source\NodeScale9.cpp">
      <Filter>node\02.scale9</Filter>
    </ClCompile>
    <ClCompile Include="..\..\..\source\NodeScale9Spr.cpp">
      <Filter>node\02.scale9</Filter>
    </ClCompile>
    <ClCompile Include="..\..\..\source\NodeIcon.cpp">
      <Filter>node\03.icon</Filter>
    </ClCompile>
    <ClCompile Include="..\..\..\source\NodeIconSpr.cpp">
      <Filter>node\03.icon</Filter>
    </ClCompile>
    <ClCompile Include="..\..\..\source\NodeTexture.cpp">
      <Filter>node\04.texture</Filter>
    </ClCompile>
    <ClCompile Include="..\..\..\source\NodeTextureSpr.cpp">
      <Filter>node\04.texture</Filter>
    </ClCompile>
    <ClCompile Include="..\..\..\source\NodeLabel.cpp">
      <Filter>node\05.label</Filter>
    </ClCompile>
    <ClCompile Include="..\..\..\source\NodeComplex.cpp">
      <Filter>node\06.complex</Filter>
    </ClCompile>
    <ClCompile Include="..\..\..\source\NodeComplexSpr.cpp">
      <Filter>node\06.complex</Filter>
    </ClCompile>
    <ClCompile Include="..\..\..\source\NodeAnimation.cpp">
      <Filter>node\07.animation</Filter>
    </ClCompile>
    <ClCompile Include="..\..\..\source\NodeAnimationSpr.cpp">
      <Filter>node\07.animation</Filter>
    </ClCompile>
    <ClCompile Include="..\..\..\source\NodeParticle3d.cpp">
      <Filter>node\08.particle3d</Filter>
    </ClCompile>
    <ClCompile Include="..\..\..\source\NodeParticle3dSpr.cpp">
      <Filter>node\08.particle3d</Filter>
    </ClCompile>
    <ClCompile Include="..\..\..\source\NodeParticle2d.cpp">
      <Filter>node\09.particle2d</Filter>
    </ClCompile>
    <ClCompile Include="..\..\..\source\NodeParticle2dSpr.cpp">
      <Filter>node\09.particle2d</Filter>
    </ClCompile>
    <ClCompile Include="..\..\..\source\NodeShape.cpp">
      <Filter>node\10.shape</Filter>
    </ClCompile>
    <ClCompile Include="..\..\..\source\NodeShapeSpr.cpp">
      <Filter>node\10.shape</Filter>
    </ClCompile>
    <ClCompile Include="..\..\..\source\NodeMesh.cpp">
      <Filter>node\11.mesh</Filter>
    </ClCompile>
    <ClCompile Include="..\..\..\source\NodeMeshSpr.cpp">
      <Filter>node\11.mesh</Filter>
    </ClCompile>
    <ClCompile Include="..\..\..\source\NodeMask.cpp">
      <Filter>node\12.mask</Filter>
    </ClCompile>
    <ClCompile Include="..\..\..\source\NodeMaskSpr.cpp">
      <Filter>node\12.mask</Filter>
    </ClCompile>
    <ClCompile Include="..\..\..\source\NodeTrail.cpp">
      <Filter>node\13.trail</Filter>
    </ClCompile>
    <ClCompile Include="..\..\..\source\NodeTrailSpr.cpp">
      <Filter>node\13.trail</Filter>
    </ClCompile>
    <ClCompile Include="..\..\..\source\NodeAnim2.cpp">
      <Filter>node\07.anim2</Filter>
    </ClCompile>
    <ClCompile Include="..\..\..\source\NodeAnim2Spr.cpp">
      <Filter>node\07.anim2</Filter>
    </ClCompile>
    <ClCompile Include="..\..\..\source\AudioIDMgr.cpp">
      <Filter>storage</Filter>
    </ClCompile>
    <ClCompile Include="..\..\..\source\NodeFactory.cpp">
      <Filter>storage</Filter>
    </ClCompile>
    <ClCompile Include="..\..\..\source\Page.cpp">
      <Filter>storage</Filter>
    </ClCompile>
    <ClCompile Include="..\..\..\source\PageAlloc.cpp">
      <Filter>storage</Filter>
    </ClCompile>
    <ClCompile Include="..\..\..\source\PkgIDMgr.cpp">
      <Filter>storage</Filter>
    </ClCompile>
    <ClCompile Include="..\..\..\source\PkgIdxLoader.cpp">
      <Filter>storage\pkg</Filter>
    </ClCompile>
    <ClCompile Include="..\..\..\source\RelocateTexcoords.cpp">
      <Filter>preprocess</Filter>
    </ClCompile>
    <ClCompile Include="..\..\..\source\Package.cpp">
      <Filter>storage\pkg</Filter>
    </ClCompile>
    <ClCompile Include="..\..\..\source\Facade.cpp" />
    <ClCompile Include="..\..\..\source\PointsMesh.cpp">
      <Filter>node\11.mesh\shape</Filter>
    </ClCompile>
    <ClCompile Include="..\..\..\source\Skin2Mesh.cpp">
      <Filter>node\11.mesh\shape</Filter>
    </ClCompile>
    <ClCompile Include="..\..\..\source\TrianglesMesh.cpp">
      <Filter>node\11.mesh\shape</Filter>
    </ClCompile>
  </ItemGroup>
  <ItemGroup>
    <ClInclude Include="..\..\..\include\simp\ImportStream.h">
      <Filter>utility</Filter>
    </ClInclude>
    <ClInclude Include="..\..\..\include\simp\NodeID.h">
      <Filter>utility</Filter>
    </ClInclude>
    <ClInclude Include="..\..\..\include\simp\from_int.h">
      <Filter>node</Filter>
    </ClInclude>
    <ClInclude Include="..\..\..\include\simp\NodeArray.h">
      <Filter>node</Filter>
    </ClInclude>
    <ClInclude Include="..\..\..\include\simp\NodeTrans.h">
      <Filter>node</Filter>
    </ClInclude>
    <ClInclude Include="..\..\..\include\simp\NodePicture.h">
      <Filter>node\01.picture</Filter>
    </ClInclude>
    <ClInclude Include="..\..\..\include\simp\NodeScale9.h">
      <Filter>node\02.scale9</Filter>
    </ClInclude>
    <ClInclude Include="..\..\..\include\simp\NodeScale9Spr.h">
      <Filter>node\02.scale9</Filter>
    </ClInclude>
    <ClInclude Include="..\..\..\include\simp\NodeIcon.h">
      <Filter>node\03.icon</Filter>
    </ClInclude>
    <ClInclude Include="..\..\..\include\simp\NodeIconSpr.h">
      <Filter>node\03.icon</Filter>
    </ClInclude>
    <ClInclude Include="..\..\..\include\simp\NodeTexture.h">
      <Filter>node\04.texture</Filter>
    </ClInclude>
    <ClInclude Include="..\..\..\include\simp\NodeTextureSpr.h">
      <Filter>node\04.texture</Filter>
    </ClInclude>
    <ClInclude Include="..\..\..\include\simp\NodeLabel.h">
      <Filter>node\05.label</Filter>
    </ClInclude>
    <ClInclude Include="..\..\..\include\simp\NodeComplex.h">
      <Filter>node\06.complex</Filter>
    </ClInclude>
    <ClInclude Include="..\..\..\include\simp\NodeComplexSpr.h">
      <Filter>node\06.complex</Filter>
    </ClInclude>
    <ClInclude Include="..\..\..\include\simp\NodeAnimation.h">
      <Filter>node\07.animation</Filter>
    </ClInclude>
    <ClInclude Include="..\..\..\include\simp\NodeAnimationSpr.h">
      <Filter>node\07.animation</Filter>
    </ClInclude>
    <ClInclude Include="..\..\..\include\simp\NodeParticle3d.h">
      <Filter>node\08.particle3d</Filter>
    </ClInclude>
    <ClInclude Include="..\..\..\include\simp\NodeParticle3dSpr.h">
      <Filter>node\08.particle3d</Filter>
    </ClInclude>
    <ClInclude Include="..\..\..\include\simp\NodeParticle2d.h">
      <Filter>node\09.particle2d</Filter>
    </ClInclude>
    <ClInclude Include="..\..\..\include\simp\NodeParticle2dSpr.h">
      <Filter>node\09.particle2d</Filter>
    </ClInclude>
    <ClInclude Include="..\..\..\include\simp\NodeShape.h">
      <Filter>node\10.shape</Filter>
    </ClInclude>
    <ClInclude Include="..\..\..\include\simp\NodeShapeSpr.h">
      <Filter>node\10.shape</Filter>
    </ClInclude>
    <ClInclude Include="..\..\..\include\simp\MeshShape.h">
      <Filter>node\11.mesh</Filter>
    </ClInclude>
    <ClInclude Include="..\..\..\include\simp\NodeMesh.h">
      <Filter>node\11.mesh</Filter>
    </ClInclude>
    <ClInclude Include="..\..\..\include\simp\NodeMeshSpr.h">
      <Filter>node\11.mesh</Filter>
    </ClInclude>
    <ClInclude Include="..\..\..\include\simp\NodeMask.h">
      <Filter>node\12.mask</Filter>
    </ClInclude>
    <ClInclude Include="..\..\..\include\simp\NodeMaskSpr.h">
      <Filter>node\12.mask</Filter>
    </ClInclude>
    <ClInclude Include="..\..\..\include\simp\NodeTrail.h">
      <Filter>node\13.trail</Filter>
    </ClInclude>
    <ClInclude Include="..\..\..\include\simp\NodeTrailSpr.h">
      <Filter>node\13.trail</Filter>
    </ClInclude>
    <ClInclude Include="..\..\..\include\simp\NodeAnim2.h">
      <Filter>node\07.anim2</Filter>
    </ClInclude>
    <ClInclude Include="..\..\..\include\simp\NodeAnim2Spr.h">
      <Filter>node\07.anim2</Filter>
    </ClInclude>
    <ClInclude Include="..\..\..\include\simp\AudioIDMgr.h">
      <Filter>storage</Filter>
    </ClInclude>
    <ClInclude Include="..\..\..\include\simp\NodeFactory.h">
      <Filter>storage</Filter>
    </ClInclude>
    <ClInclude Include="..\..\..\include\simp\NodeVisitor.h">
      <Filter>storage</Filter>
    </ClInclude>
    <ClInclude Include="..\..\..\include\simp\Page.h">
      <Filter>storage</Filter>
    </ClInclude>
    <ClInclude Include="..\..\..\include\simp\PageAlloc.h">
      <Filter>storage</Filter>
    </ClInclude>
    <ClInclude Include="..\..\..\include\simp\PageVisitor.h">
      <Filter>storage</Filter>
    </ClInclude>
    <ClInclude Include="..\..\..\include\simp\PkgIDMgr.h">
      <Filter>storage</Filter>
    </ClInclude>
    <ClInclude Include="..\..\..\include\simp\PkgIdxLoader.h">
      <Filter>storage\pkg</Filter>
    </ClInclude>
    <ClInclude Include="..\..\..\include\simp\RelocateTexcoords.h">
      <Filter>preprocess</Filter>
    </ClInclude>
    <ClInclude Include="..\..\..\include\simp\simp_define.h" />
    <ClInclude Include="..\..\..\include\simp\simp_types.h" />
    <ClInclude Include="..\..\..\include\simp\Package.h">
      <Filter>storage\pkg</Filter>
    </ClInclude>
    <ClInclude Include="..\..\..\include\simp\Facade.h" />
    <ClInclude Include="..\..\..\include\simp\PointsMesh.h">
      <Filter>node\11.mesh\shape</Filter>
    </ClInclude>
    <ClInclude Include="..\..\..\include\simp\Skin2Mesh.h">
      <Filter>node\11.mesh\shape</Filter>
    </ClInclude>
    <ClInclude Include="..\..\..\include\simp\TrianglesMesh.h">
      <Filter>node\11.mesh\shape</Filter>
    </ClInclude>
    <ClInclude Include="..\..\..\include\simp\MeshType.h">
      <Filter>node\11.mesh</Filter>
    </ClInclude>
  </ItemGroup>
  <ItemGroup>
    <None Include="..\..\..\include\simp\NodeFactory.inl">
      <Filter>storage</Filter>
    </None>
  </ItemGroup>
</Project>